
Microsoft Visual Studio Solution File, Format Version 12.00
# Visual Studio Version 16
VisualStudioVersion = 16.0.30717.126
MinimumVisualStudioVersion = 10.0.40219.1
Project("{FAE04EC0-301F-11D3-BF4B-00C04F79EFBC}") = "dbmsproje", "dbmsproje.csproj", "{CC9AF795-FCCD-40F7-A586-E0F5837B10CF}"
EndProject
Global
	GlobalSection(SolutionConfigurationPlatforms) = preSolution
		Debug|Any CPU = Debug|Any CPU
		Debug|x64 = Debug|x64
		Debug|x86 = Debug|x86
		Release|Any CPU = Release|Any CPU
		Release|x64 = Release|x64
		Release|x86 = Release|x86
	EndGlobalSection
	GlobalSection(ProjectConfigurationPlatforms) = postSolution
		{CC9AF795-FCCD-40F7-A586-E0F5837B10CF}.Debug|Any CPU.ActiveCfg = Debug|Any CPU
		{CC9AF795-FCCD-40F7-A586-E0F5837B10CF}.Debug|Any CPU.Build.0 = Debug|Any CPU
		{CC9AF795-FCCD-40F7-A586-E0F5837B10CF}.Debug|x64.ActiveCfg = Debug|x64
		{CC9AF795-FCCD-40F7-A586-E0F5837B10CF}.Debug|x64.Build.0 = Debug|x64
		{CC9AF795-FCCD-40F7-A586-E0F5837B10CF}.Debug|x86.ActiveCfg = Debug|x86
		{CC9AF795-FCCD-40F7-A586-E0F5837B10CF}.Debug|x86.Build.0 = Debug|x86
		{CC9AF795-FCCD-40F7-A586-E0F5837B10CF}.Release|Any CPU.ActiveCfg = Release|Any CPU
		{CC9AF795-FCCD-40F7-A586-E0F5837B10CF}.Release|Any CPU.Build.0 = Release|Any CPU
		{CC9AF795-FCCD-40F7-A586-E0F5837B10CF}.Release|x64.ActiveCfg = Release|x64
		{CC9AF795-FCCD-40F7-A586-E0F5837B10CF}.Release|x64.Build.0 = Release|x64
		{CC9AF795-FCCD-40F7-A586-E0F5837B10CF}.Release|x86.ActiveCfg = Release|x86
		{CC9AF795-FCCD-40F7-A586-E0F5837B10CF}.Release|x86.Build.0 = Release|x86
	EndGlobalSection
	GlobalSection(SolutionProperties) = preSolution
		HideSolutionNode = FALSE
	EndGlobalSection
	GlobalSection(ExtensibilityGlobals) = postSolution
		SolutionGuid = {E9666080-725A-415D-A864-70AD62568C63}
	EndGlobalSection
EndGlobal
